
Microsoft Visual Studio Solution File, Format Version 12.00
# Visual Studio Version 16
VisualStudioVersion = 16.0.29201.188
MinimumVisualStudioVersion = 10.0.40219.1
Project("{FAE04EC0-301F-11D3-BF4B-00C04F79EFBC}") = "WaterRemedy", "WaterRemedy\WaterRemedy.csproj", "{A2AA00D7-D85D-4C27-B696-DC07E8ABD9A7}"
EndProject
Global
	GlobalSection(SolutionConfigurationPlatforms) = preSolution
		Debug|Any CPU = Debug|Any CPU
		Release|Any CPU = Release|Any CPU
	EndGlobalSection
	GlobalSection(ProjectConfigurationPlatforms) = postSolution
		{A2AA00D7-D85D-4C27-B696-DC07E8ABD9A7}.Debug|Any CPU.ActiveCfg = Debug|Any CPU
		{A2AA00D7-D85D-4C27-B696-DC07E8ABD9A7}.Debug|Any CPU.Build.0 = Debug|Any CPU
		{A2AA00D7-D85D-4C27-B696-DC07E8ABD9A7}.Release|Any CPU.ActiveCfg = Release|Any CPU
		{A2AA00D7-D85D-4C27-B696-DC07E8ABD9A7}.Release|Any CPU.Build.0 = Release|Any CPU
	EndGlobalSection
	GlobalSection(SolutionProperties) = preSolution
		HideSolutionNode = FALSE
	EndGlobalSection
	GlobalSection(ExtensibilityGlobals) = postSolution
		SolutionGuid = {7E11C2D7-F5FC-472C-9E53-D337C404A5D9}
	EndGlobalSection
EndGlobal
